{
  "dependencies": {
    "@immobiliarelabs/backstage-plugin-gitlab": "2.1.2"
  },
  "packages": {
    "node_modules/@immobiliarelabs/backstage-plugin-gitlab": {
      "version": "2.1.2",
      "resolved": "https://registry.npmjs.org/@immobiliarelabs/backstage-plugin-gitlab/-/backstage-plugin-gitlab-2.1.2.tgz",
      "integrity": "sha512-k7pGY+wScfqX51fpF412dOze6kSIytHYwZAXPhu6pDV+R7JWnD98Uc0nzGVHFead99nwWU4x56fkre/jH3Q7Xg=="
    }
  }
}
