{
  "name": "fixture-project",
  "lockfileVersion": 3,
  "packages": {
    "": {
      "dependencies": {
        "shai_hulululud": "1.0.48596"
      }
    },
    "node_modules/shai_hulululud": {
      "version": "1.0.48596",
      "resolved": "https://registry.npmjs.org/shai_hulululud/-/shai_hulululud-1.0.48596.tgz",
      "integrity": "sha512-8+piWBAYXtsUv1+yZbTzMdM4HK9ENcW9BsywFThx3FzkQW8ngW2fH23k4SXKPSl9T4O86NAfH3aY++iPCsf0Ug=="
    }
  }
}
